{
  "version": "5",
  "specifiers": {
    "jsr:@std/assert@1": "1.0.19",
    "jsr:@std/internal@^1.0.12": "1.0.14"
  },
  "jsr": {
    "@std/assert@1.0.19": {
      "integrity": "eaada96ee120cb980bc47e040f82814d786fe8162ecc53c91d8df60b8755991e",
      "dependencies": [
        "jsr:@std/internal"
      ]
    },
    "@std/internal@1.0.14": {
      "integrity": "291516b3d4c35024d6ffbc0a9df5bf4c64116e05b50012cf846710152d2ffdf7"
    }
  },
  "redirects": {
    "https://esm.sh/@selderee/plugin-htmlparser2@^0.11.0?target=denonext": "https://esm.sh/@selderee/plugin-htmlparser2@0.11.0?target=denonext",
    "https://esm.sh/@supabase/functions-js@^2.0.0?target=denonext": "https://esm.sh/@supabase/functions-js@2.116.0?target=denonext",
    "https://esm.sh/@supabase/functions-js@^2.1.5?target=denonext": "https://esm.sh/@supabase/functions-js@2.116.0?target=denonext",
    "https://esm.sh/@supabase/gotrue-js@^2.10.2?target=denonext": "https://esm.sh/@supabase/gotrue-js@2.116.0?target=denonext",
    "https://esm.sh/@supabase/gotrue-js@^2.60.0?target=denonext": "https://esm.sh/@supabase/gotrue-js@2.116.0?target=denonext",
    "https://esm.sh/@supabase/node-fetch@^2.6.13?target=denonext": "https://esm.sh/@supabase/node-fetch@2.6.15?target=denonext",
    "https://esm.sh/@supabase/node-fetch@^2.6.14?target=denonext": "https://esm.sh/@supabase/node-fetch@2.6.15?target=denonext",
    "https://esm.sh/@supabase/postgrest-js@^1.1.1?target=denonext": "https://esm.sh/@supabase/postgrest-js@1.21.4?target=denonext",
    "https://esm.sh/@supabase/postgrest-js@^1.9.0?target=denonext": "https://esm.sh/@supabase/postgrest-js@1.21.4?target=denonext",
    "https://esm.sh/@supabase/realtime-js@^2.4.0?target=denonext": "https://esm.sh/@supabase/realtime-js@2.116.0?target=denonext",
    "https://esm.sh/@supabase/realtime-js@^2.9.3?target=denonext": "https://esm.sh/@supabase/realtime-js@2.116.0?target=denonext",
    "https://esm.sh/@supabase/storage-js@^2.1.0?target=denonext": "https://esm.sh/@supabase/storage-js@2.116.0?target=denonext",
    "https://esm.sh/@supabase/storage-js@^2.5.4?target=denonext": "https://esm.sh/@supabase/storage-js@2.116.0?target=denonext",
    "https://esm.sh/@types/react@~19.0.7/index.d.ts": "https://esm.sh/@types/react@19.0.14/index.d.ts",
    "https://esm.sh/condense-newlines@^0.2.1?target=denonext": "https://esm.sh/condense-newlines@0.2.1?target=denonext",
    "https://esm.sh/deepmerge@^4.3.1?target=denonext": "https://esm.sh/deepmerge@4.3.1?target=denonext",
    "https://esm.sh/dom-serializer@^2.0.0?target=denonext": "https://esm.sh/dom-serializer@2.0.0?target=denonext",
    "https://esm.sh/domelementtype@^2.3.0?target=denonext": "https://esm.sh/domelementtype@2.3.0?target=denonext",
    "https://esm.sh/domhandler@^5.0.3?target=denonext": "https://esm.sh/domhandler@5.0.3?target=denonext",
    "https://esm.sh/domutils@^3.0.1?target=denonext": "https://esm.sh/domutils@3.2.2?target=denonext",
    "https://esm.sh/entities@^4.2.0?target=denonext": "https://esm.sh/entities@4.5.0?target=denonext",
    "https://esm.sh/entities@^4.4.0/lib/decode?target=denonext": "https://esm.sh/entities@4.5.0/lib/decode?target=denonext",
    "https://esm.sh/htmlparser2@^8.0.2?target=denonext": "https://esm.sh/htmlparser2@8.0.2?target=denonext",
    "https://esm.sh/iceberg-js@^0.8.1?target=denonext": "https://esm.sh/iceberg-js@0.8.1?target=denonext",
    "https://esm.sh/is-buffer@^1.1.5?target=denonext": "https://esm.sh/is-buffer@1.1.6?target=denonext",
    "https://esm.sh/isows@^1.0.7?target=denonext": "https://esm.sh/isows@1.0.7?target=denonext",
    "https://esm.sh/js-beautify@^1.6.12?target=denonext": "https://esm.sh/js-beautify@1.15.4?target=denonext",
    "https://esm.sh/kind-of@^3.0.2?target=denonext": "https://esm.sh/kind-of@3.2.2?target=denonext",
    "https://esm.sh/leac@^0.6.0?target=denonext": "https://esm.sh/leac@0.6.0?target=denonext",
    "https://esm.sh/parseley@^0.12.0?target=denonext": "https://esm.sh/parseley@0.12.1?target=denonext",
    "https://esm.sh/peberminta@^0.9.0?target=denonext": "https://esm.sh/peberminta@0.9.0?target=denonext",
    "https://esm.sh/selderee@^0.11.0?target=denonext": "https://esm.sh/selderee@0.11.0?target=denonext",
    "https://esm.sh/tr46@~0.0.3?target=denonext": "https://esm.sh/tr46@0.0.3?target=denonext",
    "https://esm.sh/webidl-conversions@^3.0.0?target=denonext": "https://esm.sh/webidl-conversions@3.0.1?target=denonext",
    "https://esm.sh/whatwg-url@^5.0.0?target=denonext": "https://esm.sh/whatwg-url@5.0.0?target=denonext"
  },
  "remote": {
    "https://deno.land/std@0.168.0/async/abortable.ts": "80b2ac399f142cc528f95a037a7d0e653296352d95c681e284533765961de409",
    "https://deno.land/std@0.168.0/async/deadline.ts": "2c2deb53c7c28ca1dda7a3ad81e70508b1ebc25db52559de6b8636c9278fd41f",
    "https://deno.land/std@0.168.0/async/debounce.ts": "60301ffb37e730cd2d6f9dadfd0ecb2a38857681bd7aaf6b0a106b06e5210a98",
    "https://deno.land/std@0.168.0/async/deferred.ts": "77d3f84255c3627f1cc88699d8472b664d7635990d5358c4351623e098e917d6",
    "https://deno.land/std@0.168.0/async/delay.ts": "5a9bfba8de38840308a7a33786a0155a7f6c1f7a859558ddcec5fe06e16daf57",
    "https://deno.land/std@0.168.0/async/mod.ts": "7809ad4bb223e40f5fdc043e5c7ca04e0e25eed35c32c3c32e28697c553fa6d9",
    "https://deno.land/std@0.168.0/async/mux_async_iterator.ts": "770a0ff26c59f8bbbda6b703a2235f04e379f73238e8d66a087edc68c2a2c35f",
    "https://deno.land/std@0.168.0/async/pool.ts": "6854d8cd675a74c73391c82005cbbe4cc58183bddcd1fbbd7c2bcda42b61cf69",
    "https://deno.land/std@0.168.0/async/retry.ts": "e8e5173623915bbc0ddc537698fa418cf875456c347eda1ed453528645b42e67",
    "https://deno.land/std@0.168.0/async/tee.ts": "3a47cc4e9a940904fd4341f0224907e199121c80b831faa5ec2b054c6d2eff5e",
    "https://deno.land/std@0.168.0/http/server.ts": "e99c1bee8a3f6571ee4cdeb2966efad465b8f6fe62bec1bdb59c1f007cc4d155",
    "https://deno.land/std@0.190.0/_util/asserts.ts": "178dfc49a464aee693a7e285567b3d0b555dc805ff490505a8aae34f9cfb1462",
    "https://deno.land/std@0.190.0/async/abortable.ts": "fd682fa46f3b7b16b4606a5ab52a7ce309434b76f820d3221bdfb862719a15d7",
    "https://deno.land/std@0.190.0/async/deadline.ts": "58f72a3cc0fcb731b2cc055ba046f4b5be3349ff6bf98f2e793c3b969354aab2",
    "https://deno.land/std@0.190.0/async/debounce.ts": "adab11d04ca38d699444ac8a9d9856b4155e8dda2afd07ce78276c01ea5a4332",
    "https://deno.land/std@0.190.0/async/deferred.ts": "42790112f36a75a57db4a96d33974a936deb7b04d25c6084a9fa8a49f135def8",
    "https://deno.land/std@0.190.0/async/delay.ts": "73aa04cec034c84fc748c7be49bb15cac3dd43a57174bfdb7a4aec22c248f0dd",
    "https://deno.land/std@0.190.0/async/mod.ts": "f04344fa21738e5ad6bea37a6bfffd57c617c2d372bb9f9dcfd118a1b622e576",
    "https://deno.land/std@0.190.0/async/mux_async_iterator.ts": "70c7f2ee4e9466161350473ad61cac0b9f115cff4c552eaa7ef9d50c4cbb4cc9",
    "https://deno.land/std@0.190.0/async/pool.ts": "f1b8d3df4d7fd3c73f8cbc91cc2e8b8e950910f1eab94230b443944d7584c657",
    "https://deno.land/std@0.190.0/async/retry.ts": "c9248325ec08cc2cceb7618472e77589a51a25cee460e07b6096be34966c2ead",
    "https://deno.land/std@0.190.0/async/tee.ts": "47e42d35f622650b02234d43803d0383a89eb4387e1b83b5a40106d18ae36757",
    "https://deno.land/std@0.190.0/http/server.ts": "1b23463b5b36e4eebc495417f6af47a6f7d52e3294827a1226d2a1aab23d9d20",
    "https://deno.land/std@0.214.0/assert/assert.ts": "bec068b2fccdd434c138a555b19a2c2393b71dfaada02b7d568a01541e67cdc5",
    "https://deno.land/std@0.214.0/assert/assertion_error.ts": "9f689a101ee586c4ce92f52fa7ddd362e86434ffdf1f848e45987dc7689976b8",
    "https://deno.land/std@0.214.0/async/delay.ts": "8e1d18fe8b28ff95885e2bc54eccec1713f57f756053576d8228e6ca110793ad",
    "https://deno.land/std@0.214.0/bytes/copy.ts": "f29c03168853720dfe82eaa57793d0b9e3543ebfe5306684182f0f1e3bfd422a",
    "https://deno.land/std@0.214.0/crypto/_fnv/fnv32.ts": "ba2c5ef976b9f047d7ce2d33dfe18671afc75154bcf20ef89d932b2fe8820535",
    "https://deno.land/std@0.214.0/crypto/_fnv/fnv64.ts": "580cadfe2ff333fe253d15df450f927c8ac7e408b704547be26aab41b5772558",
    "https://deno.land/std@0.214.0/crypto/_fnv/mod.ts": "8dbb60f062a6e77b82f7a62ac11fabfba52c3cd408c21916b130d8f57a880f96",
    "https://deno.land/std@0.214.0/crypto/_fnv/util.ts": "27b36ce3440d0a180af6bf1cfc2c326f68823288540a354dc1d636b781b9b75f",
    "https://deno.land/std@0.214.0/crypto/_wasm/lib/deno_std_wasm_crypto.generated.mjs": "76c727912539737def4549bb62a96897f37eb334b979f49c57b8af7a1617635e",
    "https://deno.land/std@0.214.0/crypto/_wasm/mod.ts": "c55f91473846827f077dfd7e5fc6e2726dee5003b6a5747610707cdc638a22ba",
    "https://deno.land/std@0.214.0/crypto/crypto.ts": "4448f8461c797adba8d70a2c60f7795a546d7a0926e96366391bffdd06491c16",
    "https://deno.land/std@0.214.0/datetime/_common.ts": "a62214c1924766e008e27d3d843ceba4b545dc2aa9880de0ecdef9966d5736b6",
    "https://deno.land/std@0.214.0/datetime/parse.ts": "bb248bbcb3cd54bcaf504a1ee670fc4695e429d9019c06af954bbe2bcb8f1d02",
    "https://deno.land/std@0.214.0/encoding/_util.ts": "beacef316c1255da9bc8e95afb1fa56ed69baef919c88dc06ae6cb7a6103d376",
    "https://deno.land/std@0.214.0/encoding/base64.ts": "96e61a556d933201266fea84ae500453293f2aff130057b579baafda096a96bc",
    "https://deno.land/std@0.214.0/encoding/hex.ts": "4d47d3b25103cf81a2ed38f54b394d39a77b63338e1eaa04b70c614cb45ec2e6",
    "https://deno.land/std@0.214.0/fmt/colors.ts": "aeaee795471b56fc62a3cb2e174ed33e91551b535f44677f6320336aabb54fbb",
    "https://deno.land/std@0.214.0/io/buf_reader.ts": "c73aad99491ee6db3d6b001fa4a780e9245c67b9296f5bad9c0fa7384e35d47a",
    "https://deno.land/std@0.214.0/io/buf_writer.ts": "f82f640c8b3a820f600a8da429ad0537037c7d6a78426bbca2396fb1f75d3ef4",
    "https://deno.land/std@0.214.0/io/types.ts": "748bbb3ac96abda03594ef5a0db15ce5450dcc6c0d841c8906f8b10ac8d32c96",
    "https://deno.land/std@0.214.0/path/_common/assert_path.ts": "2ca275f36ac1788b2acb60fb2b79cb06027198bc2ba6fb7e163efaedde98c297",
    "https://deno.land/std@0.214.0/path/_common/basename.ts": "569744855bc8445f3a56087fd2aed56bdad39da971a8d92b138c9913aecc5fa2",
    "https://deno.land/std@0.214.0/path/_common/common.ts": "6157c7ec1f4db2b4a9a187efd6ce76dcaf1e61cfd49f87e40d4ea102818df031",
    "https://deno.land/std@0.214.0/path/_common/constants.ts": "dc5f8057159f4b48cd304eb3027e42f1148cf4df1fb4240774d3492b5d12ac0c",
    "https://deno.land/std@0.214.0/path/_common/dirname.ts": "684df4aa71a04bbcc346c692c8485594fc8a90b9408dfbc26ff32cf3e0c98cc8",
    "https://deno.land/std@0.214.0/path/_common/format.ts": "92500e91ea5de21c97f5fe91e178bae62af524b72d5fcd246d6d60ae4bcada8b",
    "https://deno.land/std@0.214.0/path/_common/from_file_url.ts": "d672bdeebc11bf80e99bf266f886c70963107bdd31134c4e249eef51133ceccf",
    "https://deno.land/std@0.214.0/path/_common/glob_to_reg_exp.ts": "2007aa87bed6eb2c8ae8381adcc3125027543d9ec347713c1ad2c68427330770",
    "https://deno.land/std@0.214.0/path/_common/normalize.ts": "684df4aa71a04bbcc346c692c8485594fc8a90b9408dfbc26ff32cf3e0c98cc8",
    "https://deno.land/std@0.214.0/path/_common/normalize_string.ts": "dfdf657a1b1a7db7999f7c575ee7e6b0551d9c20f19486c6c3f5ff428384c965",
    "https://deno.land/std@0.214.0/path/_common/relative.ts": "faa2753d9b32320ed4ada0733261e3357c186e5705678d9dd08b97527deae607",
    "https://deno.land/std@0.214.0/path/_common/strip_trailing_separators.ts": "7024a93447efcdcfeaa9339a98fa63ef9d53de363f1fbe9858970f1bba02655a",
    "https://deno.land/std@0.214.0/path/_common/to_file_url.ts": "7f76adbc83ece1bba173e6e98a27c647712cab773d3f8cbe0398b74afc817883",
    "https://deno.land/std@0.214.0/path/_interface.ts": "a1419fcf45c0ceb8acdccc94394e3e94f99e18cfd32d509aab514c8841799600",
    "https://deno.land/std@0.214.0/path/_os.ts": "8fb9b90fb6b753bd8c77cfd8a33c2ff6c5f5bc185f50de8ca4ac6a05710b2c15",
    "https://deno.land/std@0.214.0/path/basename.ts": "5d341aadb7ada266e2280561692c165771d071c98746fcb66da928870cd47668",
    "https://deno.land/std@0.214.0/path/common.ts": "03e52e22882402c986fe97ca3b5bb4263c2aa811c515ce84584b23bac4cc2643",
    "https://deno.land/std@0.214.0/path/constants.ts": "0c206169ca104938ede9da48ac952de288f23343304a1c3cb6ec7625e7325f36",
    "https://deno.land/std@0.214.0/path/dirname.ts": "85bd955bf31d62c9aafdd7ff561c4b5fb587d11a9a5a45e2b01aedffa4238a7c",
    "https://deno.land/std@0.214.0/path/extname.ts": "593303db8ae8c865cbd9ceec6e55d4b9ac5410c1e276bfd3131916591b954441",
    "https://deno.land/std@0.214.0/path/format.ts": "98fad25f1af7b96a48efb5b67378fcc8ed77be895df8b9c733b86411632162af",
    "https://deno.land/std@0.214.0/path/from_file_url.ts": "911833ae4fd10a1c84f6271f36151ab785955849117dc48c6e43b929504ee069",
    "https://deno.land/std@0.214.0/path/glob_to_regexp.ts": "83c5fd36a8c86f5e72df9d0f45317f9546afa2ce39acaafe079d43a865aced08",
    "https://deno.land/std@0.214.0/path/is_absolute.ts": "4791afc8bfd0c87f0526eaa616b0d16e7b3ab6a65b62942e50eac68de4ef67d7",
    "https://deno.land/std@0.214.0/path/is_glob.ts": "a65f6195d3058c3050ab905705891b412ff942a292bcbaa1a807a74439a14141",
    "https://deno.land/std@0.214.0/path/join.ts": "ae2ec5ca44c7e84a235fd532e4a0116bfb1f2368b394db1c4fb75e3c0f26a33a",
    "https://deno.land/std@0.214.0/path/join_globs.ts": "e9589869a33dc3982101898ee50903db918ca00ad2614dbe3934d597d7b1fbea",
    "https://deno.land/std@0.214.0/path/mod.ts": "ffeaccb713dbe6c72e015b7c767f753f8ec5fbc3b621ff5eeee486ffc2c0ddda",
    "https://deno.land/std@0.214.0/path/normalize.ts": "4155743ccceeed319b350c1e62e931600272fad8ad00c417b91df093867a8352",
    "https://deno.land/std@0.214.0/path/normalize_glob.ts": "98ee8268fad271193603271c203ae973280b5abfbdd2cbca1053fd2af71869ca",
    "https://deno.land/std@0.214.0/path/parse.ts": "65e8e285f1a63b714e19ef24b68f56e76934c3df0b6e65fd440d3991f4f8aefb",
    "https://deno.land/std@0.214.0/path/posix/_util.ts": "1e3937da30f080bfc99fe45d7ed23c47dd8585c5e473b2d771380d3a6937cf9d",
    "https://deno.land/std@0.214.0/path/posix/basename.ts": "39ee27a29f1f35935d3603ccf01d53f3d6e0c5d4d0f84421e65bd1afeff42843",
    "https://deno.land/std@0.214.0/path/posix/common.ts": "26f60ccc8b2cac3e1613000c23ac5a7d392715d479e5be413473a37903a2b5d4",
    "https://deno.land/std@0.214.0/path/posix/constants.ts": "93481efb98cdffa4c719c22a0182b994e5a6aed3047e1962f6c2c75b7592bef1",
    "https://deno.land/std@0.214.0/path/posix/dirname.ts": "6535d2bdd566118963537b9dda8867ba9e2a361015540dc91f5afbb65c0cce8b",
    "https://deno.land/std@0.214.0/path/posix/extname.ts": "8d36ae0082063c5e1191639699e6f77d3acf501600a3d87b74943f0ae5327427",
    "https://deno.land/std@0.214.0/path/posix/format.ts": "185e9ee2091a42dd39e2a3b8e4925370ee8407572cee1ae52838aed96310c5c1",
    "https://deno.land/std@0.214.0/path/posix/from_file_url.ts": "951aee3a2c46fd0ed488899d024c6352b59154c70552e90885ed0c2ab699bc40",
    "https://deno.land/std@0.214.0/path/posix/glob_to_regexp.ts": "54d3ff40f309e3732ab6e5b19d7111d2d415248bcd35b67a99defcbc1972e697",
    "https://deno.land/std@0.214.0/path/posix/is_absolute.ts": "cebe561ad0ae294f0ce0365a1879dcfca8abd872821519b4fcc8d8967f888ede",
    "https://deno.land/std@0.214.0/path/posix/is_glob.ts": "8a8b08c08bf731acf2c1232218f1f45a11131bc01de81e5f803450a5914434b9",
    "https://deno.land/std@0.214.0/path/posix/join.ts": "aef88d5fa3650f7516730865dbb951594d1a955b785e2450dbee93b8e32694f3",
    "https://deno.land/std@0.214.0/path/posix/join_globs.ts": "ee2f4676c5b8a0dfa519da58b8ade4d1c4aa8dd3fe35619edec883ae9df1f8c9",
    "https://deno.land/std@0.214.0/path/posix/mod.ts": "563a18c2b3ddc62f3e4a324ff0f583e819b8602a72ad880cb98c9e2e34f8db5b",
    "https://deno.land/std@0.214.0/path/posix/normalize.ts": "baeb49816a8299f90a0237d214cef46f00ba3e95c0d2ceb74205a6a584b58a91",
    "https://deno.land/std@0.214.0/path/posix/normalize_glob.ts": "65f0138fa518ef9ece354f32889783fc38cdf985fb02dcf1c3b14fa47d665640",
    "https://deno.land/std@0.214.0/path/posix/parse.ts": "d5bac4eb21262ab168eead7e2196cb862940c84cee572eafedd12a0d34adc8fb",
    "https://deno.land/std@0.214.0/path/posix/relative.ts": "3907d6eda41f0ff723d336125a1ad4349112cd4d48f693859980314d5b9da31c",
    "https://deno.land/std@0.214.0/path/posix/resolve.ts": "bac20d9921beebbbb2b73706683b518b1d0c1b1da514140cee409e90d6b2913a",
    "https://deno.land/std@0.214.0/path/posix/separator.ts": "c9ecae5c843170118156ac5d12dc53e9caf6a1a4c96fc8b1a0ab02dff5c847b0",
    "https://deno.land/std@0.214.0/path/posix/to_file_url.ts": "7aa752ba66a35049e0e4a4be5a0a31ac6b645257d2e031142abb1854de250aaf",
    "https://deno.land/std@0.214.0/path/posix/to_namespaced_path.ts": "28b216b3c76f892a4dca9734ff1cc0045d135532bfd9c435ae4858bfa5a2ebf0",
    "https://deno.land/std@0.214.0/path/relative.ts": "ab739d727180ed8727e34ed71d976912461d98e2b76de3d3de834c1066667add",
    "https://deno.land/std@0.214.0/path/resolve.ts": "a6f977bdb4272e79d8d0ed4333e3d71367cc3926acf15ac271f1d059c8494d8d",
    "https://deno.land/std@0.214.0/path/separator.ts": "c6c890507f944a1f5cb7d53b8d638d6ce3cf0f34609c8d84a10c1eaa400b77a9",
    "https://deno.land/std@0.214.0/path/to_file_url.ts": "88f049b769bce411e2d2db5bd9e6fd9a185a5fbd6b9f5ad8f52bef517c4ece1b",
    "https://deno.land/std@0.214.0/path/to_namespaced_path.ts": "b706a4103b104cfadc09600a5f838c2ba94dbcdb642344557122dda444526e40",
    "https://deno.land/std@0.214.0/path/windows/_util.ts": "d5f47363e5293fced22c984550d5e70e98e266cc3f31769e1710511803d04808",
    "https://deno.land/std@0.214.0/path/windows/basename.ts": "e2dbf31d1d6385bfab1ce38c333aa290b6d7ae9e0ecb8234a654e583cf22f8fe",
    "https://deno.land/std@0.214.0/path/windows/common.ts": "26f60ccc8b2cac3e1613000c23ac5a7d392715d479e5be413473a37903a2b5d4",
    "https://deno.land/std@0.214.0/path/windows/constants.ts": "5afaac0a1f67b68b0a380a4ef391bf59feb55856aa8c60dfc01bd3b6abb813f5",
    "https://deno.land/std@0.214.0/path/windows/dirname.ts": "33e421be5a5558a1346a48e74c330b8e560be7424ed7684ea03c12c21b627bc9",
    "https://deno.land/std@0.214.0/path/windows/extname.ts": "165a61b00d781257fda1e9606a48c78b06815385e7d703232548dbfc95346bef",
    "https://deno.land/std@0.214.0/path/windows/format.ts": "bbb5ecf379305b472b1082cd2fdc010e44a0020030414974d6029be9ad52aeb6",
    "https://deno.land/std@0.214.0/path/windows/from_file_url.ts": "ced2d587b6dff18f963f269d745c4a599cf82b0c4007356bd957cb4cb52efc01",
    "https://deno.land/std@0.214.0/path/windows/glob_to_regexp.ts": "6dcd1242bd8907aa9660cbdd7c93446e6927b201112b0cba37ca5d80f81be51b",
    "https://deno.land/std@0.214.0/path/windows/is_absolute.ts": "4a8f6853f8598cf91a835f41abed42112cebab09478b072e4beb00ec81f8ca8a",
    "https://deno.land/std@0.214.0/path/windows/is_glob.ts": "8a8b08c08bf731acf2c1232218f1f45a11131bc01de81e5f803450a5914434b9",
    "https://deno.land/std@0.214.0/path/windows/join.ts": "e0b3356615c1a75c56ebb6a7311157911659e11fd533d80d724800126b761ac3",
    "https://deno.land/std@0.214.0/path/windows/join_globs.ts": "ee2f4676c5b8a0dfa519da58b8ade4d1c4aa8dd3fe35619edec883ae9df1f8c9",
    "https://deno.land/std@0.214.0/path/windows/mod.ts": "7d6062927bda47c47847ffb55d8f1a37b0383840aee5c7dfc93984005819689c",
    "https://deno.land/std@0.214.0/path/windows/normalize.ts": "78126170ab917f0ca355a9af9e65ad6bfa5be14d574c5fb09bb1920f52577780",
    "https://deno.land/std@0.214.0/path/windows/normalize_glob.ts": "179c86ba89f4d3fe283d2addbe0607341f79ee9b1ae663abcfb3439db2e97810",
    "https://deno.land/std@0.214.0/path/windows/parse.ts": "b9239edd892a06a06625c1b58425e199f018ce5649ace024d144495c984da734",
    "https://deno.land/std@0.214.0/path/windows/relative.ts": "3e1abc7977ee6cc0db2730d1f9cb38be87b0ce4806759d271a70e4997fc638d7",
    "https://deno.land/std@0.214.0/path/windows/resolve.ts": "75b2e3e1238d840782cee3d8864d82bfaa593c7af8b22f19c6422cf82f330ab3",
    "https://deno.land/std@0.214.0/path/windows/separator.ts": "e51c5522140eff4f8402617c5c68a201fdfa3a1a8b28dc23587cff931b665e43",
    "https://deno.land/std@0.214.0/path/windows/to_file_url.ts": "1cd63fd35ec8d1370feaa4752eccc4cc05ea5362a878be8dc7db733650995484",
    "https://deno.land/std@0.214.0/path/windows/to_namespaced_path.ts": "4ffa4fb6fae321448d5fe810b3ca741d84df4d7897e61ee29be961a6aac89a4c",
    "https://deno.land/std@0.221.0/encoding/_util.ts": "beacef316c1255da9bc8e95afb1fa56ed69baef919c88dc06ae6cb7a6103d376",
    "https://deno.land/std@0.221.0/encoding/base64.ts": "8ccae67a1227b875340a8582ff707f37b131df435b07080d3bb58e07f5f97807",
    "https://deno.land/std@0.221.0/encoding/base64url.ts": "9cc46cf510436be63ac00ebf97a7de1993e603ca58e1853b344bf90d80ea9945",
    "https://deno.land/std@0.99.0/_util/assert.ts": "2f868145a042a11d5ad0a3c748dcf580add8a0dbc0e876eaa0026303a5488f58",
    "https://deno.land/std@0.99.0/_util/os.ts": "e282950a0eaa96760c0cf11e7463e66babd15ec9157d4c9ed49cc0925686f6a7",
    "https://deno.land/std@0.99.0/path/_constants.ts": "1247fee4a79b70c89f23499691ef169b41b6ccf01887a0abd131009c5581b853",
    "https://deno.land/std@0.99.0/path/_interface.ts": "1fa73b02aaa24867e481a48492b44f2598cd9dfa513c7b34001437007d3642e4",
    "https://deno.land/std@0.99.0/path/_util.ts": "2e06a3b9e79beaf62687196bd4b60a4c391d862cfa007a20fc3a39f778ba073b",
    "https://deno.land/std@0.99.0/path/common.ts": "eaf03d08b569e8a87e674e4e265e099f237472b6fd135b3cbeae5827035ea14a",
    "https://deno.land/std@0.99.0/path/glob.ts": "314ad9ff263b895795208cdd4d5e35a44618ca3c6dd155e226fb15d065008652",
    "https://deno.land/std@0.99.0/path/mod.ts": "4465dc494f271b02569edbb4a18d727063b5dbd6ed84283ff906260970a15d12",
    "https://deno.land/std@0.99.0/path/posix.ts": "f56c3c99feb47f30a40ce9d252ef6f00296fa7c0fcb6dd81211bdb3b8b99ca3b",
    "https://deno.land/std@0.99.0/path/separator.ts": "8fdcf289b1b76fd726a508f57d3370ca029ae6976fcde5044007f062e643ff1c",
    "https://deno.land/std@0.99.0/path/win32.ts": "77f7b3604e0de40f3a7c698e8a79e7f601dc187035a1c21cb1e596666ce112f8",
    "https://deno.land/x/djwt@v3.0.2/algorithm.ts": "b1c6645f9dbd6e6c47c123a3b18c28b956f91c65ed17f5b6d5d968fc3750542b",
    "https://deno.land/x/djwt@v3.0.2/deps.ts": "a7954fe567f2097b4f6aca11d091b6df658e485a817ac4dee47257ed5c28fd6e",
    "https://deno.land/x/djwt@v3.0.2/mod.ts": "962d8f2c4d6a4db111f45d777b152356aec31ba7db0ca664601175a422629857",
    "https://deno.land/x/djwt@v3.0.2/signature.ts": "16238fbf558267c85dd6c0178045f006c8b914a7301db87149f3318326569272",
    "https://deno.land/x/djwt@v3.0.2/util.ts": "5cb264d2125c553678e11446bcfa0494025d120e3f59d0a3ab38f6800def697d",
    "https://deno.land/x/media_types@v2.9.0/db.ts": "ba39cddbcefce47d577c0529066787a3a7b39d27750a6d32b5ad53ed487e7b7b",
    "https://deno.land/x/media_types@v2.9.0/deps.ts": "364b24c35845cfd5c6903ab22b8ba9873bf1022bbbf6bf3d001695332d4bbb4f",
    "https://deno.land/x/media_types@v2.9.0/mod.ts": "d63583b978d32eff8b76e1ae5d83cba2fb27baa90cc1bcb0ad15a06122ea8c19",
    "https://deno.land/x/postgres@v0.19.3/client.ts": "d141c65c20484c545a1119c9af7a52dcc24f75c1a5633de2b9617b0f4b2ed5c1",
    "https://deno.land/x/postgres@v0.19.3/client/error.ts": "05b0e35d65caf0ba21f7f6fab28c0811da83cd8b4897995a2f411c2c83391036",
    "https://deno.land/x/postgres@v0.19.3/connection/auth.ts": "db15c1659742ef4d2791b32834950278dc7a40cb931f8e434e6569298e58df51",
    "https://deno.land/x/postgres@v0.19.3/connection/connection.ts": "198a0ecf92a0d2aa72db3bb88b8f412d3b1f6b87d464d5f7bff9aa3b6aff8370",
    "https://deno.land/x/postgres@v0.19.3/connection/connection_params.ts": "463d7a9ed559f537a55d6928cab62e1c31b808d08cd0411b6ae461d0c0183c93",
    "https://deno.land/x/postgres@v0.19.3/connection/message.ts": "20da5d80fc4d7ddb7b850083e0b3fa8734eb26642221dad89c62e27d78e57a4d",
    "https://deno.land/x/postgres@v0.19.3/connection/message_code.ts": "12bcb110df6945152f9f6c63128786558d7ad1e61006920daaa16ef85b3bab7d",
    "https://deno.land/x/postgres@v0.19.3/connection/packet.ts": "050aeff1fc13c9349e89451a155ffcd0b1343dc313a51f84439e3e45f64b56c8",
    "https://deno.land/x/postgres@v0.19.3/connection/scram.ts": "532d4d58b565a2ab48fb5e1e14dc9bfb3bb283d535011e371e698eb4a89dd994",
    "https://deno.land/x/postgres@v0.19.3/debug.ts": "8add17699191f11e6830b8c95d9de25857d221bb2cf6c4ae22254d395895c1f9",
    "https://deno.land/x/postgres@v0.19.3/deps.ts": "c312038fe64b8368f8a294119f11d8f235fe67de84d7c3b0ef67b3a56628171a",
    "https://deno.land/x/postgres@v0.19.3/mod.ts": "4930c7b44f8d16ea71026f7e3ef22a2322d84655edceacd55f7461a9218d8560",
    "https://deno.land/x/postgres@v0.19.3/pool.ts": "2289f029e7a3bd3d460d4faa71399a920b7406c92a97c0715d6e31dbf1380ec3",
    "https://deno.land/x/postgres@v0.19.3/query/array_parser.ts": "ff72d3e026e3022a1a223a6530be5663f8ebbd911ed978291314e7fe6c2f2464",
    "https://deno.land/x/postgres@v0.19.3/query/decode.ts": "3e89ad2a662eab66a4f4e195ff0924d71d199af3c2f5637d1ae650301a03fa9b",
    "https://deno.land/x/postgres@v0.19.3/query/decoders.ts": "6a73da1024086ab91e233648c850dccbde59248b90d87054bbbd7f0bf4a50681",
    "https://deno.land/x/postgres@v0.19.3/query/encode.ts": "5b1c305bc7352a6f9fe37f235dddfc23e26419c77a133b4eaea42cf136481aa6",
    "https://deno.land/x/postgres@v0.19.3/query/oid.ts": "21fc714ac212350ba7df496f88ea9e01a4ee0458911d0f2b6a81498e12e7af4c",
    "https://deno.land/x/postgres@v0.19.3/query/query.ts": "510f9a27da87ed7b31b5cbcd14bf3028b441ac2ddc368483679d0b86a9d9f213",
    "https://deno.land/x/postgres@v0.19.3/query/transaction.ts": "8f4eef68f8e9b4be216199404315e6e08fe1fe98afb2e640bffd077662f79678",
    "https://deno.land/x/postgres@v0.19.3/query/types.ts": "540f6f973d493d63f2c0059a09f3368071f57931bba68bea408a635a3e0565d6",
    "https://deno.land/x/postgres@v0.19.3/utils/deferred.ts": "5420531adb6c3ea29ca8aac57b9b59bd3e4b9a938a4996bbd0947a858f611080",
    "https://deno.land/x/postgres@v0.19.3/utils/utils.ts": "ca47193ea03ff5b585e487a06f106d367e509263a960b787197ce0c03113a738",
    "https://deno.land/x/xhr@0.1.0/mod.ts": "5200325d879e571961f0927e8e32e66fd33f4ba0d29a219560cf9e0fe9bc6cdf",
    "https://esm.sh/@react-email/render@0.0.9/denonext/render.mjs": "6ae0f6da3674e136f50a588ac11c228ac7a41603b2d163218193e79e611afd89",
    "https://esm.sh/@selderee/plugin-htmlparser2@0.11.0/denonext/plugin-htmlparser2.mjs": "bf215c5e29a046da720be2ba856316197ccd53291f42030e947f3df49d8a93e4",
    "https://esm.sh/@selderee/plugin-htmlparser2@0.11.0?target=denonext": "1b642b94e690ea7e82b72aab470d89548cc2e32fd6a1603afec94f67c800b7db",
    "https://esm.sh/@supabase/auth-js@2.70.0/denonext/auth-js.mjs": "51f137a91dc64489abf1a500582918ee5042e1e0b64c167f26a3b6d2f807f43c",
    "https://esm.sh/@supabase/functions-js@2.116.0/denonext/functions-js.mjs": "b4563dfbefd52b36879757f8aee5adbeb8e57001672affcf09aea692842325c2",
    "https://esm.sh/@supabase/functions-js@2.116.0?target=denonext": "46404965479dab944a0370dc7f3b07de15421349d042b16689b5264dc77d843b",
    "https://esm.sh/@supabase/functions-js@2.4.5/denonext/functions-js.mjs": "acfcb4db90c292c335a9dbb5664485f5e0b680533d68e6942abb9387ec7e0d0b",
    "https://esm.sh/@supabase/gotrue-js@2.116.0/denonext/gotrue-js.mjs": "2d8907c980069aa15f0915c1b054dbdf346d64266d23a3d31985445863b65d55",
    "https://esm.sh/@supabase/gotrue-js@2.116.0?target=denonext": "d8939322e4407a94d6204d842d0097a85cf7ce8444f3b6af6296cdd9051e73ca",
    "https://esm.sh/@supabase/node-fetch@2.6.15/denonext/node-fetch.mjs": "0bae9052231f4f6dbccc7234d05ea96923dbf967be12f402764580b6bf9f713d",
    "https://esm.sh/@supabase/node-fetch@2.6.15?target=denonext": "4d28c4ad97328403184353f68434f2b6973971507919e9150297413664919cf3",
    "https://esm.sh/@supabase/phoenix@0.4.5/denonext/phoenix.mjs": "40bd2a70829cd847848baac58e635bacd83fd62188f6624b44e2c295341004eb",
    "https://esm.sh/@supabase/postgrest-js@1.19.4/denonext/postgrest-js.mjs": "2073b5552ba10c7a8302bffffae771e3aede1daf833382355dae239fb0ab2576",
    "https://esm.sh/@supabase/postgrest-js@1.21.4/denonext/postgrest-js.mjs": "c3769b11ef02debc78ecf6ab4e152d3cf7dbd05bbbafeb72c160e76cc57cda3c",
    "https://esm.sh/@supabase/postgrest-js@1.21.4?target=denonext": "db2315bc0ff19690cd4239c5adb5f5787f5dea04955058ef1fca541d49555ed6",
    "https://esm.sh/@supabase/realtime-js@2.11.15/denonext/realtime-js.mjs": "3b7511415165a1b503eae1dfbc10814ef3d0c1c866c97fdec4f6714bfa34a847",
    "https://esm.sh/@supabase/realtime-js@2.116.0/denonext/realtime-js.mjs": "c2aaa735183dcb94c62b43dfcb0c9e30ea1fd4c02ff16d77352a268ef5b3b897",
    "https://esm.sh/@supabase/realtime-js@2.116.0?target=denonext": "bf2bc308d1afc561f377d38d4328d4a5a3945d12240d97c2eeb2c780ff12686e",
    "https://esm.sh/@supabase/storage-js@2.116.0/denonext/storage-js.mjs": "9f9f67c3c6087ab28280eb378525665043658b157102d272026f294447bac8c0",
    "https://esm.sh/@supabase/storage-js@2.116.0?target=denonext": "0290e6740f2384249f381f86713332a9cdaffa8e02fa4db8cde560fd7f4c12df",
    "https://esm.sh/@supabase/storage-js@2.7.1/denonext/storage-js.mjs": "73ac8cdc95cfcd794fe603dbd7ce06d539ab51538ae6467eabe0f9cc26c993aa",
    "https://esm.sh/@supabase/supabase-js@2.39.3": "832d7714491bd1c8a9008a332b35cb099f24b451ad79e755ecf4d71985fd6610",
    "https://esm.sh/@supabase/supabase-js@2.39.3/denonext/supabase-js.mjs": "054f4cd1560fa814cdc10d06c0809b00d0817dc06a072fa983e4c023e4346439",
    "https://esm.sh/@supabase/supabase-js@2.50.3": "4fa1366e23dd8aaadcecafdc272e4eb7d0fb6896a186ab8cf7f62db74b300826",
    "https://esm.sh/@supabase/supabase-js@2.50.3/denonext/supabase-js.mjs": "b333e6ade6dd2092a2685adfda71ea8a64bd0a8e1820a14b7f1d5dcdf8ac9cc7",
    "https://esm.sh/@supabase/supabase-js@2.7.1": "be4ce96f1e7e5c9fc4b2b77a7feb75ac03796dd2c6988e99b229c0cefc28309b",
    "https://esm.sh/@supabase/supabase-js@2.7.1/denonext/supabase-js.mjs": "3339ff35cdcd52e7aa78a27067b632de460cb17a7e1853d8380544ba1548d04b",
    "https://esm.sh/condense-newlines@0.2.1/denonext/condense-newlines.mjs": "e9d95d8f0f0bf06d048e57a92fbe3c7f828053c66e89b7fd15eb2732b63d8f90",
    "https://esm.sh/condense-newlines@0.2.1?target=denonext": "14fa46e2f66da78fd2495652b73a48d788cc33d046b51df2315875148e08a522",
    "https://esm.sh/deepmerge@4.3.1/denonext/deepmerge.mjs": "1f448aaa83a52514faecb2edc02eb766c9eb10b935b9ac4c1c2a877a0bb56b80",
    "https://esm.sh/deepmerge@4.3.1?target=denonext": "a8faef33b536441a2c63f8c967d160848eb1f898a8e83a35a9f0623ecd9063d3",
    "https://esm.sh/dom-serializer@2.0.0/denonext/dom-serializer.mjs": "545028b1d2c25bae5cbfe6930a28a2e4f7f05e1a0d09bbd0f3f5f9a33df8e3bd",
    "https://esm.sh/dom-serializer@2.0.0?target=denonext": "1626b2b8326556ea2816b5f9bf7522bc9581d545fd9ad117c066ab7a5ff1fb89",
    "https://esm.sh/domelementtype@2.3.0/denonext/domelementtype.mjs": "4f3b57348729cd517560139eb1969ca2fe9cc58c5188abe56e7336d5cb557cc0",
    "https://esm.sh/domelementtype@2.3.0?target=denonext": "2beb2a1e3d18892a9b00ef9528811b93f613a77d2b6fb25376ec0f109ac48a4f",
    "https://esm.sh/domhandler@5.0.3/denonext/domhandler.mjs": "3fb258a3d79bc9066a568bb6b09ce946d1fcfa2636a24ae80a4db220956e0873",
    "https://esm.sh/domhandler@5.0.3?target=denonext": "298fde249b7bff9e80667cfe643e7d4b390871b77b0928d086ce4c0b8fc570e2",
    "https://esm.sh/domutils@3.2.2/denonext/domutils.mjs": "f0b4e80e73810ed6f3d8c4e1822feef89208f32c88b6024a84328d02f5f77c40",
    "https://esm.sh/domutils@3.2.2?target=denonext": "7e487176c61dfd1dfdbcfd1195e7329a64f53421511561b69c570a6cff0a6167",
    "https://esm.sh/entities@4.5.0/denonext/entities.mjs": "4a9306e4021ae1079e83b5db26e1678c536fa69c8f2839802bc3cc43282cef08",
    "https://esm.sh/entities@4.5.0/denonext/lib/decode.mjs": "ef22e25f6bca668e40c4f7d4ecaebe2172a833a18372d55b54f997d0d8702dcd",
    "https://esm.sh/entities@4.5.0/denonext/lib/escape.mjs": "116aef78e5ff05efa6f79851b8b59da025ab88f5c25d2262f73df98f4d57c3fa",
    "https://esm.sh/entities@4.5.0/lib/decode?target=denonext": "488bc8401a0c85a76527d61a41352c5371904aeda57a136eb10ccfadcd2f7c8c",
    "https://esm.sh/entities@4.5.0?target=denonext": "f6bc559c07f40e94b3ef50f0b24e2666a2258db3b6697bf4da8fd2fc014ef7a1",
    "https://esm.sh/fflate@0.8.2": "e0cdd268850b4eac9ef9f188a3b4c5c9dd3ebd0f66c4006a13911b2a0c0512bb",
    "https://esm.sh/fflate@0.8.2/denonext/fflate.mjs": "84afaa7491d754b566dd8608dcc784e7fdd4f0342e2c5b0bd1442e77782ec1a2",
    "https://esm.sh/html-to-text@9.0.5/denonext/html-to-text.mjs": "9e7f8db5407f0832d5c164f9ae7532abbea169f513b52bf57bf480e90e59a0e6",
    "https://esm.sh/htmlparser2@8.0.2/denonext/htmlparser2.mjs": "c0be0f190e625b82e88378875016f820a38d586e9c885d37e3dd2073a4f0fdfb",
    "https://esm.sh/htmlparser2@8.0.2/denonext/lib/esm/Parser.mjs": "d58fb2f87f8fead8e7ac03c544690908b4db21ab0513415b0cfe9311ab31aaa3",
    "https://esm.sh/htmlparser2@8.0.2/denonext/lib/esm/Tokenizer.mjs": "09109e601c7acd75b99c2a34e53e339a46301d9937e1495eaca8f9019a7b3040",
    "https://esm.sh/htmlparser2@8.0.2?target=denonext": "fd3edaa58a00e79f11b3510cc3930c9f5345486cdcc52c0afe24bbb36aece028",
    "https://esm.sh/iceberg-js@0.8.1/denonext/iceberg-js.mjs": "d839d81a2e3966500ca2cdd0c1cb458e9608bacfc91f7bb67a69b2e878dcdb4f",
    "https://esm.sh/iceberg-js@0.8.1?target=denonext": "58c849d7fe2bf4eca4a84eb501e83c161a7d8c34ca1bec15a962b3bec3062633",
    "https://esm.sh/is-buffer@1.1.6/denonext/is-buffer.mjs": "7264928a1661a6654cb91eaf80e03f231916a18ed5f0ee777eb923fa7a6030a2",
    "https://esm.sh/is-buffer@1.1.6?target=denonext": "f56968ea9b1be60f7718da02368a7c93863121b25dfd575ad7540f7eb33b59d3",
    "https://esm.sh/isows@1.0.7/denonext/isows.mjs": "be1812ebbf28737b43588bbcbd89bf43345e3d58d32be13def331d12361045b4",
    "https://esm.sh/isows@1.0.7?target=denonext": "31b7306eada995ba18e29841d688a42bcc0166caf302e1b183b6d2a7c649f262",
    "https://esm.sh/js-beautify@1.15.4/denonext/js-beautify.mjs": "87583b6b5f136923750e4be241e215f5ca01cf58cd052e2d33e54ca1e0a64223",
    "https://esm.sh/js-beautify@1.15.4?target=denonext": "e502ba1faece62eea942d95725ef270d8747dbbeb28f7ecbc0c7f98ef59656cf",
    "https://esm.sh/kind-of@3.2.2/denonext/kind-of.mjs": "554f16643329a170dd3da6467e216567316e2c54fae47dc9e1bc99ead7af92b6",
    "https://esm.sh/kind-of@3.2.2?target=denonext": "13aaf8bf5a61d1a83e46ddf13b14163ee4ad2b710bf518a2c3251b70eeec6095",
    "https://esm.sh/leac@0.6.0/denonext/leac.mjs": "b73a34f6c2983d85de3604535ae223a31756ae8470e7d350ec4703659b776032",
    "https://esm.sh/leac@0.6.0?target=denonext": "49d9cd25ff3a0658f687f430fb60ae79811a6ba3db8f6d2d243274d789ff6013",
    "https://esm.sh/parseley@0.12.1/denonext/parseley.mjs": "adb641dd0790c5f80caccae1d12029aa5434498368eea27696e9e3d5dcd0b835",
    "https://esm.sh/parseley@0.12.1?target=denonext": "8169d6a6a0345226dc65fed2b195413c2bc863348afa61ce31f5bf4730299a1a",
    "https://esm.sh/peberminta@0.9.0/denonext/lib/util.mjs": "ab48ab5eead902341c9f2209db7881d58f9ad2eeac75d62b02bd8fc3c2b96df5",
    "https://esm.sh/peberminta@0.9.0/denonext/peberminta.mjs": "b9e30d34531689bfa87bdd584c19732de2b40a7fb9c87a8dd083b24ccce9199f",
    "https://esm.sh/peberminta@0.9.0?target=denonext": "021e477cef449a6078dec84f778954407b9a913315dc72e5c42eee18db590843",
    "https://esm.sh/pretty@2.0.0/denonext/pretty.mjs": "4dc1a89b052a78dae360efd37e823a752bde553f7a6ea9fd5507e2365b37d510",
    "https://esm.sh/react-dom@18.2.0/denonext/server.mjs": "8e60c3810ba398eae573a08bb0586fa6f026a039b22719c149426b8a898cd13f",
    "https://esm.sh/react@18.2.0/denonext/react.mjs": "a986c2876dc2f73879f395e677dc34cb751f260e69db16364810655f884df173",
    "https://esm.sh/resend@2.0.0": "b222433340dc6655ed294a343815916b5a5ceeac999f07f627a5614a87cd9fe4",
    "https://esm.sh/resend@2.0.0/denonext/resend.mjs": "67fffc78d60ce88226431208b8746ff5977401d5525b3c873fd66b2de3cc5a55",
    "https://esm.sh/selderee@0.11.0/denonext/selderee.mjs": "7cd55f556e21df07f094dc04a9a3b19f56f4b0781c92aebfb5fbda7536fc167d",
    "https://esm.sh/selderee@0.11.0?target=denonext": "30cf39b226588a56ac350c58aa59db26137ad7a6c609f02689718bbfd389a618",
    "https://esm.sh/tr46@0.0.3/denonext/tr46.mjs": "5753ec0a99414f4055f0c1f97691100f13d88e48a8443b00aebb90a512785fa2",
    "https://esm.sh/tr46@0.0.3?target=denonext": "19cb9be0f0d418a0c3abb81f2df31f080e9540a04e43b0f699bce1149cba0cbb",
    "https://esm.sh/tslib@2.8.1/denonext/tslib.mjs": "c38da5dd6da6281964435002ce204cd586634fe3bdfb24a0ee116f48cf3292e9",
    "https://esm.sh/webidl-conversions@3.0.1/denonext/webidl-conversions.mjs": "238cd0743827707cbc1c2d7c2cf1027dbc536fb53ec9a3fde0ff8026a3ac5385",
    "https://esm.sh/webidl-conversions@3.0.1?target=denonext": "4e20318d50528084616c79d7b3f6e7f0fe7b6d09013bd01b3974d7448d767e29",
    "https://esm.sh/whatwg-url@5.0.0/denonext/whatwg-url.mjs": "29b16d74ee72624c915745bbd25b617cfd2248c6af0f5120d131e232a9a9af79",
    "https://esm.sh/whatwg-url@5.0.0?target=denonext": "f001a2cadf81312d214ca330033f474e74d81a003e21e8c5d70a1f46dc97b02d"
  },
  "workspace": {
    "packageJson": {
      "dependencies": [
        "npm:@eslint/js@^9.9.0",
        "npm:@hookform/resolvers@^5.2.1",
        "npm:@monaco-editor/react@^4.7.0",
        "npm:@radix-ui/react-avatar@^1.1.0",
        "npm:@radix-ui/react-checkbox@^1.1.1",
        "npm:@radix-ui/react-collapsible@^1.1.0",
        "npm:@radix-ui/react-dialog@^1.1.2",
        "npm:@radix-ui/react-dropdown-menu@^2.1.1",
        "npm:@radix-ui/react-label@^2.1.0",
        "npm:@radix-ui/react-popover@^1.1.1",
        "npm:@radix-ui/react-progress@^1.1.0",
        "npm:@radix-ui/react-radio-group@^1.2.0",
        "npm:@radix-ui/react-scroll-area@^1.1.0",
        "npm:@radix-ui/react-select@^2.1.1",
        "npm:@radix-ui/react-separator@^1.1.0",
        "npm:@radix-ui/react-slider@^1.2.0",
        "npm:@radix-ui/react-slot@^1.1.0",
        "npm:@radix-ui/react-switch@^1.1.0",
        "npm:@radix-ui/react-tabs@^1.1.0",
        "npm:@radix-ui/react-toast@^1.2.1",
        "npm:@radix-ui/react-tooltip@^1.1.4",
        "npm:@stackblitz/sdk@^1.11.1",
        "npm:@supabase/supabase-js@^2.50.3",
        "npm:@tailwindcss/typography@~0.5.15",
        "npm:@tanstack/react-query@^5.56.2",
        "npm:@types/node@^22.5.5",
        "npm:@types/react-dom@^18.3.0",
        "npm:@types/react@^18.3.3",
        "npm:@vitejs/plugin-react-swc@^4.3.3",
        "npm:autoprefixer@^10.4.20",
        "npm:class-variance-authority@~0.7.1",
        "npm:clsx@^2.1.1",
        "npm:date-fns@^3.6.0",
        "npm:eslint-plugin-react-hooks@^5.1.0-rc.0",
        "npm:eslint-plugin-react-refresh@~0.4.9",
        "npm:eslint@^9.9.0",
        "npm:fflate@~0.8.3",
        "npm:globals@^15.9.0",
        "npm:jspdf@^4.2.1",
        "npm:lucide-react@0.462",
        "npm:next-themes@0.3",
        "npm:pdfjs-dist@^6.2.108",
        "npm:playwright@^1.63.0",
        "npm:postcss@^8.4.47",
        "npm:react-day-picker@^8.10.1",
        "npm:react-dom@^18.3.1",
        "npm:react-hook-form@^7.62.0",
        "npm:react-icons@^5.5.0",
        "npm:react-router-dom@^7.18.2",
        "npm:react@^18.3.1",
        "npm:recharts@^2.12.7",
        "npm:sonner@^1.5.0",
        "npm:tailwind-merge@^2.5.2",
        "npm:tailwindcss-animate@^1.0.7",
        "npm:tailwindcss@^3.4.11",
        "npm:tesseract.js@7",
        "npm:typescript-eslint@^8.0.1",
        "npm:typescript@^5.5.3",
        "npm:vite@^7.3.6",
        "npm:zod@^4.0.14"
      ],
      "overrides": {
        "dompurify": "^3.4.13"
      }
    }
  }
}
